# This file is automatically @generated by Cargo.
# It is not intended for manual editing.
version = 4

[[package]]
name = "glam"
version = "0.33.8"
source = "registry+https://github.com/rust-lang/crates.io-index"
checksum = "a0990707078259d76f65619a692e87c82645be66cbee224173cd1af151e54ba2"
dependencies = [
 "libm",
]

[[package]]
name = "libm"
version = "0.2.16"
source = "registry+https://github.com/rust-lang/crates.io-index"
checksum = "b6d2cec3eae94f9f509c767b45932f1ada8350c4bdb85af2fcab4a3c14807981"

[[package]]
name = "sylva_skeleton"
version = "0.0.1"
dependencies = [
 "glam",
 "libm",
]
